
Microsoft Visual Studio Solution File, Format Version 12.00
# Visual Studio Version 17
VisualStudioVersion = 17.4.33122.133
MinimumVisualStudioVersion = 10.0.40219.1
Project("{FAE04EC0-301F-11D3-BF4B-00C04F79EFBC}") = "lesson3", "lesson3.csproj", "{B1E2DA07-F203-4273-9B3D-2E47C2A0E412}"
EndProject
Global
	GlobalSection(SolutionConfigurationPlatforms) = preSolution
		Debug|Any CPU = Debug|Any CPU
		Release|Any CPU = Release|Any CPU
	EndGlobalSection
	GlobalSection(ProjectConfigurationPlatforms) = postSolution
		{B1E2DA07-F203-4273-9B3D-2E47C2A0E412}.Debug|Any CPU.ActiveCfg = Debug|Any CPU
		{B1E2DA07-F203-4273-9B3D-2E47C2A0E412}.Debug|Any CPU.Build.0 = Debug|Any CPU
		{B1E2DA07-F203-4273-9B3D-2E47C2A0E412}.Release|Any CPU.ActiveCfg = Release|Any CPU
		{B1E2DA07-F203-4273-9B3D-2E47C2A0E412}.Release|Any CPU.Build.0 = Release|Any CPU
	EndGlobalSection
	GlobalSection(SolutionProperties) = preSolution
		HideSolutionNode = FALSE
	EndGlobalSection
	GlobalSection(ExtensibilityGlobals) = postSolution
		SolutionGuid = {FA0D4EDB-0CD5-4409-9F3C-639D8BFE5BF1}
	EndGlobalSection
EndGlobal
